
Microsoft Visual Studio Solution File, Format Version 12.00
# Visual Studio Version 17
VisualStudioVersion = 17.11.35327.3
MinimumVisualStudioVersion = 10.0.40219.1
Project("{FAE04EC0-301F-11D3-BF4B-00C04F79EFBC}") = "Act01", "Act01\Act01.csproj", "{AA43F3F8-52B3-4016-8F96-A44B2914AF13}"
EndProject
Global
	GlobalSection(SolutionConfigurationPlatforms) = preSolution
		Debug|Any CPU = Debug|Any CPU
		Release|Any CPU = Release|Any CPU
	EndGlobalSection
	GlobalSection(ProjectConfigurationPlatforms) = postSolution
		{AA43F3F8-52B3-4016-8F96-A44B2914AF13}.Debug|Any CPU.ActiveCfg = Debug|Any CPU
		{AA43F3F8-52B3-4016-8F96-A44B2914AF13}.Debug|Any CPU.Build.0 = Debug|Any CPU
		{AA43F3F8-52B3-4016-8F96-A44B2914AF13}.Release|Any CPU.ActiveCfg = Release|Any CPU
		{AA43F3F8-52B3-4016-8F96-A44B2914AF13}.Release|Any CPU.Build.0 = Release|Any CPU
	EndGlobalSection
	GlobalSection(SolutionProperties) = preSolution
		HideSolutionNode = FALSE
	EndGlobalSection
	GlobalSection(ExtensibilityGlobals) = postSolution
		SolutionGuid = {D94C89E9-2587-4162-B5E8-1A4E0EF27397}
	EndGlobalSection
EndGlobal
